{
  "name": "pvr-ajte-canvas-editor",
  "version": "1.4.6",
  "lockfileVersion": 3,
  "requires": true,
  "packages": {
    "": {
      "name": "pvr-ajte-canvas-editor",
      "version": "1.4.6",
      "license": "MIT",
      "dependencies": {
        "@fortawesome/fontawesome-free": "^5.15.2",
        "@simonwep/pickr": "^1.8.0",
        "konva": "^7.2.4"
      }
    },
    "node_modules/@fortawesome/fontawesome-free": {
      "version": "5.15.2",
      "resolved": "https://registry.npmjs.org/@fortawesome/fontawesome-free/-/fontawesome-free-5.15.2.tgz",
      "integrity": "sha512-7l/AX41m609L/EXI9EKH3Vs3v0iA8tKlIOGtw+kgcoanI7p+e4I4GYLqW3UXWiTnjSFymKSmTTPKYrivzbxxqA==",
      "hasInstallScript": true,
      "engines": {
        "node": ">=6"
      }
    },
    "node_modules/@simonwep/pickr": {
      "version": "1.8.0",
      "resolved": "https://registry.npmjs.org/@simonwep/pickr/-/pickr-1.8.0.tgz",
      "integrity": "sha512-VaSD7TwktOsro5nQ/FjRx5JAJ09k5CNfGRHacgVRxeVPolUQwelz1SjL8HAOKZwTSmcnIObptpHABQS4zgN7sw==",
      "dependencies": {
        "core-js": "^3.8.0",
        "nanopop": "^2.1.0"
      }
    },
    "node_modules/core-js": {
      "version": "3.9.0",
      "resolved": "https://registry.npmjs.org/core-js/-/core-js-3.9.0.tgz",
      "integrity": "sha512-PyFBJaLq93FlyYdsndE5VaueA9K5cNB7CGzeCj191YYLhkQM0gdZR2SKihM70oF0wdqKSKClv/tEBOpoRmdOVQ==",
      "deprecated": "core-js@<3.23.3 is no longer maintained and not recommended for usage due to the number of issues. Because of the V8 engine whims, feature detection in old core-js versions could cause a slowdown up to 100x even if nothing is polyfilled. Some versions have web compatibility issues. Please, upgrade your dependencies to the actual version of core-js.",
      "hasInstallScript": true,
      "funding": {
        "type": "opencollective",
        "url": "https://opencollective.com/core-js"
      }
    },
    "node_modules/konva": {
      "version": "7.2.4",
      "resolved": "https://registry.npmjs.org/konva/-/konva-7.2.4.tgz",
      "integrity": "sha512-i6ShSipM4o3HC3yjuTNHSa18rml7XXJowg942BrCmyyyylg1CefiwN7sZE+0ax8icRfiBSUPjRqzDeNN3aLnoQ==",
      "funding": [
        {
          "type": "patreon",
          "url": "https://www.patreon.com/lavrton"
        },
        {
          "type": "opencollective",
          "url": "https://opencollective.com/konva"
        },
        {
          "type": "github",
          "url": "https://github.com/sponsors/lavrton"
        }
      ]
    },
    "node_modules/nanopop": {
      "version": "2.1.0",
      "resolved": "https://registry.npmjs.org/nanopop/-/nanopop-2.1.0.tgz",
      "integrity": "sha512-jGTwpFRexSH+fxappnGQtN9dspgE2ipa1aOjtR24igG0pv6JCxImIAmrLRHX+zUF5+1wtsFVbKyfP51kIGAVNw=="
    }
  }
}
