# THIS IS AN AUTOGENERATED FILE. DO NOT EDIT THIS FILE DIRECTLY.
# yarn lockfile v1


"@fortawesome/fontawesome-free@^5.15.2":
  version "5.15.2"
  resolved "https://registry.yarnpkg.com/@fortawesome/fontawesome-free/-/fontawesome-free-5.15.2.tgz#218cd7276ab4f9ab57cc3d2efa2697e6a579f25d"
  integrity sha512-7l/AX41m609L/EXI9EKH3Vs3v0iA8tKlIOGtw+kgcoanI7p+e4I4GYLqW3UXWiTnjSFymKSmTTPKYrivzbxxqA==

"@simonwep/pickr@^1.8.0":
  version "1.8.0"
  resolved "https://registry.yarnpkg.com/@simonwep/pickr/-/pickr-1.8.0.tgz#adbff9a4f7f0e59dec9946508c5e481b7abae0f8"
  integrity sha512-VaSD7TwktOsro5nQ/FjRx5JAJ09k5CNfGRHacgVRxeVPolUQwelz1SjL8HAOKZwTSmcnIObptpHABQS4zgN7sw==
  dependencies:
    core-js "^3.8.0"
    nanopop "^2.1.0"

core-js@^3.8.0:
  version "3.9.0"
  resolved "https://registry.yarnpkg.com/core-js/-/core-js-3.9.0.tgz#790b1bb11553a2272b36e2625c7179db345492f8"
  integrity sha512-PyFBJaLq93FlyYdsndE5VaueA9K5cNB7CGzeCj191YYLhkQM0gdZR2SKihM70oF0wdqKSKClv/tEBOpoRmdOVQ==

konva@^7.2.4:
  version "7.2.4"
  resolved "https://registry.yarnpkg.com/konva/-/konva-7.2.4.tgz#cfe9014b7c9cf382c61715f21dc82d4cc5bb6ef7"
  integrity sha512-i6ShSipM4o3HC3yjuTNHSa18rml7XXJowg942BrCmyyyylg1CefiwN7sZE+0ax8icRfiBSUPjRqzDeNN3aLnoQ==

nanopop@^2.1.0:
  version "2.1.0"
  resolved "https://registry.yarnpkg.com/nanopop/-/nanopop-2.1.0.tgz#23476513cee2405888afd2e8a4b54066b70b9e60"
  integrity sha512-jGTwpFRexSH+fxappnGQtN9dspgE2ipa1aOjtR24igG0pv6JCxImIAmrLRHX+zUF5+1wtsFVbKyfP51kIGAVNw==
